
Microsoft Visual Studio Solution File, Format Version 12.00
# Visual Studio Version 17
VisualStudioVersion = 17.3.32825.248
MinimumVisualStudioVersion = 10.0.40219.1
Project("{8BC9CEB8-8B4A-11D0-8D11-00A0C91BC942}") = "Задача6", "Задача6\Задача6.vcxproj", "{EEBA1EBC-F0A2-4E01-AFA8-D53BFEDDE7F2}"
EndProject
Global
	GlobalSection(SolutionConfigurationPlatforms) = preSolution
		Debug|x64 = Debug|x64
		Debug|x86 = Debug|x86
		Release|x64 = Release|x64
		Release|x86 = Release|x86
	EndGlobalSection
	GlobalSection(ProjectConfigurationPlatforms) = postSolution
		{EEBA1EBC-F0A2-4E01-AFA8-D53BFEDDE7F2}.Debug|x64.ActiveCfg = Debug|x64
		{EEBA1EBC-F0A2-4E01-AFA8-D53BFEDDE7F2}.Debug|x64.Build.0 = Debug|x64
		{EEBA1EBC-F0A2-4E01-AFA8-D53BFEDDE7F2}.Debug|x86.ActiveCfg = Debug|Win32
		{EEBA1EBC-F0A2-4E01-AFA8-D53BFEDDE7F2}.Debug|x86.Build.0 = Debug|Win32
		{EEBA1EBC-F0A2-4E01-AFA8-D53BFEDDE7F2}.Release|x64.ActiveCfg = Release|x64
		{EEBA1EBC-F0A2-4E01-AFA8-D53BFEDDE7F2}.Release|x64.Build.0 = Release|x64
		{EEBA1EBC-F0A2-4E01-AFA8-D53BFEDDE7F2}.Release|x86.ActiveCfg = Release|Win32
		{EEBA1EBC-F0A2-4E01-AFA8-D53BFEDDE7F2}.Release|x86.Build.0 = Release|Win32
	EndGlobalSection
	GlobalSection(SolutionProperties) = preSolution
		HideSolutionNode = FALSE
	EndGlobalSection
	GlobalSection(ExtensibilityGlobals) = postSolution
		SolutionGuid = {D410C38A-96DF-45A1-8166-40E72F11B462}
	EndGlobalSection
EndGlobal
