
Microsoft Visual Studio Solution File, Format Version 12.00
# Visual Studio Version 17
VisualStudioVersion = 17.3.32825.248
MinimumVisualStudioVersion = 10.0.40219.1
Project("{8BC9CEB8-8B4A-11D0-8D11-00A0C91BC942}") = "Задача3", "Задача3\Задача3.vcxproj", "{7904E0D9-5F56-4A39-AA25-117311812AD5}"
EndProject
Global
	GlobalSection(SolutionConfigurationPlatforms) = preSolution
		Debug|x64 = Debug|x64
		Debug|x86 = Debug|x86
		Release|x64 = Release|x64
		Release|x86 = Release|x86
	EndGlobalSection
	GlobalSection(ProjectConfigurationPlatforms) = postSolution
		{7904E0D9-5F56-4A39-AA25-117311812AD5}.Debug|x64.ActiveCfg = Debug|x64
		{7904E0D9-5F56-4A39-AA25-117311812AD5}.Debug|x64.Build.0 = Debug|x64
		{7904E0D9-5F56-4A39-AA25-117311812AD5}.Debug|x86.ActiveCfg = Debug|Win32
		{7904E0D9-5F56-4A39-AA25-117311812AD5}.Debug|x86.Build.0 = Debug|Win32
		{7904E0D9-5F56-4A39-AA25-117311812AD5}.Release|x64.ActiveCfg = Release|x64
		{7904E0D9-5F56-4A39-AA25-117311812AD5}.Release|x64.Build.0 = Release|x64
		{7904E0D9-5F56-4A39-AA25-117311812AD5}.Release|x86.ActiveCfg = Release|Win32
		{7904E0D9-5F56-4A39-AA25-117311812AD5}.Release|x86.Build.0 = Release|Win32
	EndGlobalSection
	GlobalSection(SolutionProperties) = preSolution
		HideSolutionNode = FALSE
	EndGlobalSection
	GlobalSection(ExtensibilityGlobals) = postSolution
		SolutionGuid = {7BEAB392-0DF0-4A41-9B47-8DF1B4382DB1}
	EndGlobalSection
EndGlobal
